
Microsoft Visual Studio Solution File, Format Version 12.00
# Visual Studio Express 2012 for Web
Project("{FAE04EC0-301F-11D3-BF4B-00C04F79EFBC}") = "AspNetMvcTutorial", "AspNetMvcTutorial\AspNetMvcTutorial.csproj", "{D2444F97-34B9-448E-BA88-B3B9F38F7903}"
EndProject
Project("{FAE04EC0-301F-11D3-BF4B-00C04F79EFBC}") = "AspNetMvcTutorial.Tests", "AspNetMvcTutorial.Tests\AspNetMvcTutorial.Tests.csproj", "{2DBCB662-DF52-4C81-B5AB-D47BAF174CEE}"
EndProject
Global
	GlobalSection(SolutionConfigurationPlatforms) = preSolution
		Debug|Any CPU = Debug|Any CPU
		Release|Any CPU = Release|Any CPU
	EndGlobalSection
	GlobalSection(ProjectConfigurationPlatforms) = postSolution
		{D2444F97-34B9-448E-BA88-B3B9F38F7903}.Debug|Any CPU.ActiveCfg = Debug|Any CPU
		{D2444F97-34B9-448E-BA88-B3B9F38F7903}.Debug|Any CPU.Build.0 = Debug|Any CPU
		{D2444F97-34B9-448E-BA88-B3B9F38F7903}.Release|Any CPU.ActiveCfg = Release|Any CPU
		{D2444F97-34B9-448E-BA88-B3B9F38F7903}.Release|Any CPU.Build.0 = Release|Any CPU
		{2DBCB662-DF52-4C81-B5AB-D47BAF174CEE}.Debug|Any CPU.ActiveCfg = Debug|Any CPU
		{2DBCB662-DF52-4C81-B5AB-D47BAF174CEE}.Debug|Any CPU.Build.0 = Debug|Any CPU
		{2DBCB662-DF52-4C81-B5AB-D47BAF174CEE}.Release|Any CPU.ActiveCfg = Release|Any CPU
		{2DBCB662-DF52-4C81-B5AB-D47BAF174CEE}.Release|Any CPU.Build.0 = Release|Any CPU
	EndGlobalSection
	GlobalSection(SolutionProperties) = preSolution
		HideSolutionNode = FALSE
	EndGlobalSection
EndGlobal
